// !$*UTF8*$!
{
	archiveVersion = 1;
	classes = {
	};
	objectVersion = 46;
	objects = {

		C63CA27A17F705FE0D7DA1D1 = {isa = PBXBuildFile; fileRef = 521DA06BDC234778F7E13912; };
		5CDA78F2016803D1F755C7C6 = {isa = PBXBuildFile; fileRef = A4650220165A9D4341F7FCD7; };
		B8FAF361A900476C2EE64772 = {isa = PBXBuildFile; fileRef = 22DCAE893F495F460CD93188; };
		72F9C13E9EA57C83DFF0CEB6 = {isa = PBXBuildFile; fileRef = 708035DBF9D366DC224ED7A8; };
		DCA928F420BEBFE372295D06 = {isa = PBXBuildFile; fileRef = 1267664BB9B44592933DEF16; };
		9622446D0BB584A6903E8314 = {isa = PBXBuildFile; fileRef = 655254F776EF44A679F4AC9A; };
		09AC5CF842035F7198D1E9F3 = {isa = PBXBuildFile; fileRef = 0B2F71CAEE1FB1398B03A013; };
		52286B52AD79B6539909E1FA = {isa = PBXBuildFile; fileRef = 5D2109EFF986FDB5FE417106; };
		03EFFBB751235E3D01D551AB = {isa = PBXBuildFile; fileRef = 0BD373DE3919237F4F6F1FDD; };
		4C075C0F0FED43D1191619B0 = {isa = PBXBuildFile; fileRef = 9FFD83F65155787C5F6B5281; };
		331328F15FF67D6DC412E0F2 = {isa = PBXBuildFile; fileRef = 0E41FE209812F75E9B80EB65; };
		3AEE09C2FC06F91FA4509C99 = {isa = PBXBuildFile; fileRef = 98138518363806AFCC7E5B5F; };
		CDEF32EEB40E06F3587D8429 = {isa = PBXBuildFile; fileRef = A906F608C040373B40711025; };
		9A3BF633E9739A39964BB581 = {isa = PBXBuildFile; fileRef = C9B2979206F2CC9E37246D48; };
		1DE9AA779C926E70C1A2D8DA = {isa = PBXBuildFile; fileRef = 37AFD5346D97BDB15606980A; };
		35DFDD41EA1E9D13C82C528B = {isa = PBXBuildFile; fileRef = A31D92AD83B0B87F4BEC6ADC; };
		92A3838240A14EA84EF0E68A = {isa = PBXBuildFile; fileRef = 638F15063D80C84ECEF9CC01; };
		01EA98ED4520168B9EC1DC4C = {isa = PBXBuildFile; fileRef = 6E1C452159932AEEE9668C20; };
		BD12578EEA3044CF1CF73B89 = {isa = PBXBuildFile; fileRef = 4699A21CFC7ED52904730DA8; };
		956CE732CEAD9540C17486E4 = {isa = PBXBuildFile; fileRef = A9CF41998A1E480DFF13F250; };
		941CD5F3583E276C099E6805 = {isa = PBXBuildFile; fileRef = 70E7D8204D78832DE3D51C60; };
		93D30EF11F9C5BB37C279A59 = {isa = PBXBuildFile; fileRef = 3A3E12E47578996079304459; };
		A8329AC56CA769C9245702A4 = {isa = PBXBuildFile; fileRef = 2C3F7D8986873EB5BE63885C; };
		DDDB77AEE84A20A74CB7D299 = {isa = PBXBuildFile; fileRef = 39F63429A66312D4E28F0AD6; };
		97DA84E3E85221CEFB34C2F9 = {isa = PBXBuildFile; fileRef = E450476553DD4C4D04B6D8BE; };
		163E2B3CFD15921F0F0644B7 = {isa = PBXBuildFile; fileRef = E84721E634AA4179B158BFE1; };
		5DD707A0313809A600F5F79D = {isa = PBXBuildFile; fileRef = F518EEC359CE57CD60F5851A; };
		A56FACABC9FD1C83C6164758 = {isa = PBXBuildFile; fileRef = F90917683233EDEA01FE6FD0; };
		EFFCCE1B818A7FCB6F71E945 = {isa = PBXBuildFile; fileRef = 2BDC263980A89A1BC99FE844; };
		543F24B0A60881563A4340CE = {isa = PBXBuildFile; fileRef = 67B30AB8806AA6E12C4ACE21; };
		BDBDBF439FE0D6E59FA380A0 = {isa = PBXBuildFile; fileRef = 5A92DFBDB619F368AAE8C4D6; };
		0084FEA24DE743E4E0CE7714 = {isa = PBXBuildFile; fileRef = 1ADB7E944FDB0196AF2F7628; };
		F66EC4A375DA80206A88EF27 = {isa = PBXBuildFile; fileRef = 2CF17661750A14DE9E75654A; };
		34275C56A6148ABE36F0F0FF = {isa = PBXBuildFile; fileRef = 2D8DBC608481835FDC459528; };
		77F6230C22C5F533C8D0E6EB = {isa = PBXBuildFile; fileRef = E06132273BE4B945A1CFB220; };
		7EE85DB75C2007B61B949DF4 = {isa = PBXBuildFile; fileRef = C18A9D0BA880EFD111781EAE; };
		B8A6E4D01D97226CFE48CFA5 = {isa = PBXBuildFile; fileRef = 8971924C253BB828B2AE498A; };
		237568DFE7C6F1E1D4352BBA = {isa = PBXBuildFile; fileRef = 6434F496D89FECA4194B3E40; };
		6ED94B4A8C0923361C51B526 = {isa = PBXBuildFile; fileRef = C0228E29B759ABFAD3F6C6B4; };
		2A2CA5D56CFA46EB1929CDF7 = {isa = PBXBuildFile; fileRef = 1B94B7B5CF6A7B5A9CEEA86E; };
		AD563C20CD02AE638245F1A5 = {isa = PBXBuildFile; fileRef = A2E7DEF56EB082ECEC0B1953; };
		9B3A4C567C6414AC5BB2BE40 = {isa = PBXBuildFile; fileRef = 732569E757F8C96AD3E21CC6; };
		8FE13AAACB4F050BC3137281 = {isa = PBXBuildFile; fileRef = EE61D8B1DBE2098D7F0F1346; };
		2E93208C1A4AE52D42BCB1D0 = {isa = PBXBuildFile; fileRef = 3E0B457F12A2EACD19698D87; };
		405776D80BEACF113E19D17F = {isa = PBXBuildFile; fileRef = 8567A1DE9B9F163384D4C63A; };
		90585A9CFB233B626AA9E0E1 = {isa = PBXBuildFile; fileRef = 3A33207B362AC22A629339E0; };
		C9DA5C9FF052D3094DAEE8EB = {isa = PBXBuildFile; fileRef = 0E4C18E7866D72E76F0E70A4; };
		FFBB47AC0FCEDA6FFAF290AA = {isa = PBXBuildFile; fileRef = F62A0B48E4B0DB79715268B4; };
		043D6C619C467519BB717F69 = {isa = PBXBuildFile; fileRef = 120AB2A27F68E719C041F63D; };
		382CFA23F0E0478529C62D5C = {isa = PBXBuildFile; fileRef = C09394EF9981A0358A4FEE23; };
		BF28D80B4ADCBA2744E43E2C = {isa = PBXBuildFile; fileRef = 169E9AFA5787111796616FF1; };
		5E88A176FD50EF3277029295 = {isa = PBXBuildFile; fileRef = B5970235D77A8D3AAD75CF43; };
		0D580F5EB279FD05229F6756 = {isa = PBXBuildFile; fileRef = DAB2D4857701882542C5222C; };
		FEDEB4BFCC6074202F53E4AF = {isa = PBXBuildFile; fileRef = 40D4D368B8DA9B87C0F0D86E; };
		DBE3BF31C2BA90BEA5C9A85A = {isa = PBXBuildFile; fileRef = 114BDC33C12164460215DB9F; };
		A5CB775C0B83B9610210DC09 = {isa = PBXBuildFile; fileRef = C18FBC008EBAC6EA60041B60; };
		3DD6A8D44D3118DDD76989EA = {isa = PBXBuildFile; fileRef = 95725DEA82C9CA560B3EB3AE; };
		D6D504E504727A289FA5FB5D = {isa = PBXBuildFile; fileRef = FF96C940FBE84A52711D6F9E; };
		0B2F71CAEE1FB1398B03A013 = {isa = PBXFileReference; lastKnownFileType = wrapper.framework; name = AVFoundation.framework; path = System/Library/Frameworks/AVFoundation.framework; sourceTree = SDKROOT; };
		0BD373DE3919237F4F6F1FDD = {isa = PBXFileReference; lastKnownFileType = wrapper.framework; name = Carbon.framework; path = System/Library/Frameworks/Carbon.framework; sourceTree = SDKROOT; };
		0E41FE209812F75E9B80EB65 = {isa = PBXFileReference; lastKnownFileType = wrapper.framework; name = CoreAudio.framework; path = System/Library/Frameworks/CoreAudio.framework; sourceTree = SDKROOT; };
		0E4C18E7866D72E76F0E70A4 = {isa = PBXFileReference; lastKnownFileType = sourcecode.cpp.cpp; name = "include_juce_audio_plugin_client_VST2.cpp"; path = "../../JuceLibraryCode/include_juce_audio_plugin_client_VST2.cpp"; sourceTree = "SOURCE_ROOT"; };
		114BDC33C12164460215DB9F = {isa = PBXFileReference; lastKnownFileType = sourcecode.cpp.objcpp; name = "include_juce_gui_extra.mm"; path = "../../JuceLibraryCode/include_juce_gui_extra.mm"; sourceTree = "SOURCE_ROOT"; };
		120AB2A27F68E719C041F63D = {isa = PBXFileReference; lastKnownFileType = sourcecode.cpp.objcpp; name = "include_juce_core.mm"; path = "../../JuceLibraryCode/include_juce_core.mm"; sourceTree = "SOURCE_ROOT"; };
		1267664BB9B44592933DEF16 = {isa = PBXFileReference; lastKnownFileType = wrapper.framework; name = AudioToolbox.framework; path = System/Library/Frameworks/AudioToolbox.framework; sourceTree = SDKROOT; };
		169E9AFA5787111796616FF1 = {isa = PBXFileReference; lastKnownFileType = sourcecode.cpp.objcpp; name = "include_juce_data_structures.mm"; path = "../../JuceLibraryCode/include_juce_data_structures.mm"; sourceTree = "SOURCE_ROOT"; };
		1ADB7E944FDB0196AF2F7628 = {isa = PBXFileReference; lastKnownFileType = sourcecode.c.h; name = VoiceLeader.h; path = ../../Source/VoiceLeader.h; sourceTree = "SOURCE_ROOT"; };
		1B94B7B5CF6A7B5A9CEEA86E = {isa = PBXFileReference; lastKnownFileType = sourcecode.cpp.objcpp; name = "include_juce_audio_devices.mm"; path = "../../JuceLibraryCode/include_juce_audio_devices.mm"; sourceTree = "SOURCE_ROOT"; };
		1D8F3B0F8006697E17A77C2B = {isa = PBXFileReference; lastKnownFileType = sourcecode.c.h; name = DiatonicChordProgressionMidiMap.h; path = ../../Source/DiatonicChordProgressionMidiMap.h; sourceTree = "SOURCE_ROOT"; };
		2A72A4A646E8815AA5223FF4 = {isa = PBXFileReference; lastKnownFileType = file; name = "juce_opengl"; path = "~/JUCE/modules/juce_opengl"; sourceTree = "<absolute>"; };
		2BDC263980A89A1BC99FE844 = {isa = PBXFileReference; lastKnownFileType = sourcecode.cpp.cpp; name = SimpleVoiceLeader.cpp; path = ../../Source/SimpleVoiceLeader.cpp; sourceTree = "SOURCE_ROOT"; };
		2C3F7D8986873EB5BE63885C = {isa = PBXFileReference; lastKnownFileType = sourcecode.cpp.cpp; name = DiatonicChordProgressionAndScaleMidiMap.cpp; path = ../../Source/DiatonicChordProgressionAndScaleMidiMap.cpp; sourceTree = "SOURCE_ROOT"; };
		2CF17661750A14DE9E75654A = {isa = PBXFileReference; lastKnownFileType = sourcecode.c.h; name = MiddleCore.h; path = ../../Source/MiddleCore.h; sourceTree = "SOURCE_ROOT"; };
		2D8DBC608481835FDC459528 = {isa = PBXFileReference; lastKnownFileType = sourcecode.cpp.cpp; name = PluginProcessor.cpp; path = ../../Source/PluginProcessor.cpp; sourceTree = "SOURCE_ROOT"; };
		35D19FD017ED2922BA89BB6B = {isa = PBXFileReference; lastKnownFileType = file; name = Peels; path = ../../modules/Peels; sourceTree = "SOURCE_ROOT"; };
		36656DEFDC65D70143041550 = {isa = PBXFileReference; lastKnownFileType = sourcecode.c.h; name = ValueTreeComboBoxAttachment.h; path = ../../Source/ValueTreeComboBoxAttachment.h; sourceTree = "SOURCE_ROOT"; };
		369DA4B73B64C608637D0D9F = {isa = PBXFileReference; lastKnownFileType = file; name = "juce_data_structures"; path = "~/JUCE/modules/juce_data_structures"; sourceTree = "<absolute>"; };
		37AFD5346D97BDB15606980A = {isa = PBXFileReference; lastKnownFileType = wrapper.framework; name = IOKit.framework; path = System/Library/Frameworks/IOKit.framework; sourceTree = SDKROOT; };
		3803D7872042F08035817B92 = {isa = PBXFileReference; lastKnownFileType = file; name = "juce_cryptography"; path = "~/JUCE/modules/juce_cryptography"; sourceTree = "<absolute>"; };
		39F63429A66312D4E28F0AD6 = {isa = PBXFileReference; lastKnownFileType = sourcecode.cpp.cpp; name = DiatonicChordProgressionMidiMap.cpp; path = ../../Source/DiatonicChordProgressionMidiMap.cpp; sourceTree = "SOURCE_ROOT"; };
		3A33207B362AC22A629339E0 = {isa = PBXFileReference; lastKnownFileType = sourcecode.cpp.objcpp; name = "include_juce_audio_plugin_client_VST_utils.mm"; path = "../../JuceLibraryCode/include_juce_audio_plugin_client_VST_utils.mm"; sourceTree = "SOURCE_ROOT"; };
		3A3E12E47578996079304459 = {isa = PBXFileReference; lastKnownFileType = sourcecode.cpp.cpp; name = MidiFunctions.cpp; path = ../../Source/MidiFunctions.cpp; sourceTree = "SOURCE_ROOT"; };
		3E0B457F12A2EACD19698D87 = {isa = PBXFileReference; lastKnownFileType = sourcecode.cpp.objcpp; name = "include_juce_audio_plugin_client_AU_2.mm"; path = "../../JuceLibraryCode/include_juce_audio_plugin_client_AU_2.mm"; sourceTree = "SOURCE_ROOT"; };
		40D4D368B8DA9B87C0F0D86E = {isa = PBXFileReference; lastKnownFileType = sourcecode.cpp.objcpp; name = "include_juce_gui_basics.mm"; path = "../../JuceLibraryCode/include_juce_gui_basics.mm"; sourceTree = "SOURCE_ROOT"; };
		431DB3E1B21CF263B425B701 = {isa = PBXFileReference; lastKnownFileType = sourcecode.c.h; name = ChordNameProgressionValueTreeLabelAttachment.h; path = ../../Source/ChordNameProgressionValueTreeLabelAttachment.h; sourceTree = "SOURCE_ROOT"; };
		4699A21CFC7ED52904730DA8 = {isa = PBXFileReference; lastKnownFileType = file.nib; name = RecentFilesMenuTemplate.nib; path = RecentFilesMenuTemplate.nib; sourceTree = "SOURCE_ROOT"; };
		4713BC157490173196ACCDF0 = {isa = PBXFileReference; lastKnownFileType = sourcecode.c.h; name = ChordProgressionAndScaleMidiMap.h; path = ../../Source/ChordProgressionAndScaleMidiMap.h; sourceTree = "SOURCE_ROOT"; };
		51374A9D1AE8D9BC1EF3252E = {isa = PBXFileReference; lastKnownFileType = file; name = Bach; path = ../../modules/Bach; sourceTree = "SOURCE_ROOT"; };
		521DA06BDC234778F7E13912 = {isa = PBXFileReference; explicitFileType = wrapper.cfbundle; includeInIndex = 0; path = "Key Mapper.vst"; sourceTree = "BUILT_PRODUCTS_DIR"; };
		554B8404FF64216CB797CC04 = {isa = PBXFileReference; lastKnownFileType = file; name = "juce_audio_plugin_client"; path = "~/JUCE/modules/juce_audio_plugin_client"; sourceTree = "<absolute>"; };
		5A92DFBDB619F368AAE8C4D6 = {isa = PBXFileReference; lastKnownFileType = sourcecode.cpp.cpp; name = MiddleCore.cpp; path = ../../Source/MiddleCore.cpp; sourceTree = "SOURCE_ROOT"; };
		5B365D2089582599E5733622 = {isa = PBXFileReference; lastKnownFileType = text.plist.xml; name = "Info-VST.plist"; path = "Info-VST.plist"; sourceTree = "SOURCE_ROOT"; };
		5CB6713AF1F2A400986F7979 = {isa = PBXFileReference; lastKnownFileType = file; name = "juce_audio_processors"; path = "~/JUCE/modules/juce_audio_processors"; sourceTree = "<absolute>"; };
		5CCB935B846DD9DBDC56F288 = {isa = PBXFileReference; lastKnownFileType = file; name = "juce_audio_basics"; path = "~/JUCE/modules/juce_audio_basics"; sourceTree = "<absolute>"; };
		5D2109EFF986FDB5FE417106 = {isa = PBXFileReference; lastKnownFileType = wrapper.framework; name = AVKit.framework; path = System/Library/Frameworks/AVKit.framework; sourceTree = SDKROOT; };
		5D988A61E91BB53EECBE61B9 = {isa = PBXFileReference; lastKnownFileType = file; name = "juce_core"; path = "~/JUCE/modules/juce_core"; sourceTree = "<absolute>"; };
		638F15063D80C84ECEF9CC01 = {isa = PBXFileReference; lastKnownFileType = wrapper.framework; name = QuartzCore.framework; path = System/Library/Frameworks/QuartzCore.framework; sourceTree = SDKROOT; };
		6434F496D89FECA4194B3E40 = {isa = PBXFileReference; lastKnownFileType = sourcecode.cpp.objcpp; name = "include_Bach.mm"; path = "../../JuceLibraryCode/include_Bach.mm"; sourceTree = "SOURCE_ROOT"; };
		655254F776EF44A679F4AC9A = {isa = PBXFileReference; lastKnownFileType = wrapper.framework; name = AudioUnit.framework; path = System/Library/Frameworks/AudioUnit.framework; sourceTree = SDKROOT; };
		67B30AB8806AA6E12C4ACE21 = {isa = PBXFileReference; lastKnownFileType = sourcecode.cpp.cpp; name = VoiceLeader.cpp; path = ../../Source/VoiceLeader.cpp; sourceTree = "SOURCE_ROOT"; };
		6B1043E842995A2D73E5BBA0 = {isa = PBXFileReference; lastKnownFileType = sourcecode.c.h; name = MidiFunctions.h; path = ../../Source/MidiFunctions.h; sourceTree = "SOURCE_ROOT"; };
		6B55105111CB019202B6F57E = {isa = PBXFileReference; lastKnownFileType = text.plist.xml; name = "Key Mapper.entitlements"; path = "Key Mapper.entitlements"; sourceTree = "SOURCE_ROOT"; };
		6E1C452159932AEEE9668C20 = {isa = PBXFileReference; lastKnownFileType = wrapper.framework; name = WebKit.framework; path = System/Library/Frameworks/WebKit.framework; sourceTree = SDKROOT; };
		708035DBF9D366DC224ED7A8 = {isa = PBXFileReference; lastKnownFileType = wrapper.framework; name = Accelerate.framework; path = System/Library/Frameworks/Accelerate.framework; sourceTree = SDKROOT; };
		70E7D8204D78832DE3D51C60 = {isa = PBXFileReference; lastKnownFileType = sourcecode.cpp.cpp; name = ChordProgressionMidiMap.cpp; path = ../../Source/ChordProgressionMidiMap.cpp; sourceTree = "SOURCE_ROOT"; };
		732569E757F8C96AD3E21CC6 = {isa = PBXFileReference; lastKnownFileType = file.r; name = "include_juce_audio_plugin_client_AU.r"; path = "../../JuceLibraryCode/include_juce_audio_plugin_client_AU.r"; sourceTree = "SOURCE_ROOT"; };
		75A057A40EAC0C1BFCA02F15 = {isa = PBXFileReference; lastKnownFileType = text.plist.xml; name = "Info-AU.plist"; path = "Info-AU.plist"; sourceTree = "SOURCE_ROOT"; };
		77AAA6C416E365972354F98F = {isa = PBXFileReference; lastKnownFileType = file; name = "juce_graphics"; path = "~/JUCE/modules/juce_graphics"; sourceTree = "<absolute>"; };
		81A3573F36B60E9D17DECA5B = {isa = PBXFileReference; lastKnownFileType = file; name = "juce_video"; path = "~/JUCE/modules/juce_video"; sourceTree = "<absolute>"; };
		842A38A45BFF784E7B753128 = {isa = PBXFileReference; lastKnownFileType = file; name = "juce_gui_extra"; path = "~/JUCE/modules/juce_gui_extra"; sourceTree = "<absolute>"; };
		8567A1DE9B9F163384D4C63A = {isa = PBXFileReference; lastKnownFileType = sourcecode.cpp.cpp; name = "include_juce_audio_plugin_client_utils.cpp"; path = "../../JuceLibraryCode/include_juce_audio_plugin_client_utils.cpp"; sourceTree = "SOURCE_ROOT"; };
		865925B27C9CEEA8179D7190 = {isa = PBXFileReference; lastKnownFileType = file; name = "juce_audio_devices"; path = "~/JUCE/modules/juce_audio_devices"; sourceTree = "<absolute>"; };
		8971924C253BB828B2AE498A = {isa = PBXFileReference; lastKnownFileType = sourcecode.c.h; name = PluginEditor.h; path = ../../Source/PluginEditor.h; sourceTree = "SOURCE_ROOT"; };
		8D47BEEEAF7850385034F2B5 = {isa = PBXFileReference; lastKnownFileType = sourcecode.c.h; name = AppConfig.h; path = ../../JuceLibraryCode/AppConfig.h; sourceTree = "SOURCE_ROOT"; };
		95725DEA82C9CA560B3EB3AE = {isa = PBXFileReference; lastKnownFileType = sourcecode.cpp.objcpp; name = "include_juce_video.mm"; path = "../../JuceLibraryCode/include_juce_video.mm"; sourceTree = "SOURCE_ROOT"; };
		98138518363806AFCC7E5B5F = {isa = PBXFileReference; lastKnownFileType = wrapper.framework; name = CoreAudioKit.framework; path = System/Library/Frameworks/CoreAudioKit.framework; sourceTree = SDKROOT; };
		9CB800D79FC8BCBE95E0258A = {isa = PBXFileReference; lastKnownFileType = sourcecode.c.h; name = JuceHeader.h; path = ../../JuceLibraryCode/JuceHeader.h; sourceTree = "SOURCE_ROOT"; };
		9FFD83F65155787C5F6B5281 = {isa = PBXFileReference; lastKnownFileType = wrapper.framework; name = Cocoa.framework; path = System/Library/Frameworks/Cocoa.framework; sourceTree = SDKROOT; };
		A133D0015F31EFCAF344792E = {isa = PBXFileReference; lastKnownFileType = sourcecode.c.h; name = MidiMap.h; path = ../../Source/MidiMap.h; sourceTree = "SOURCE_ROOT"; };
		A2E7DEF56EB082ECEC0B1953 = {isa = PBXFileReference; lastKnownFileType = sourcecode.cpp.objcpp; name = "include_juce_audio_formats.mm"; path = "../../JuceLibraryCode/include_juce_audio_formats.mm"; sourceTree = "SOURCE_ROOT"; };
		A31D92AD83B0B87F4BEC6ADC = {isa = PBXFileReference; lastKnownFileType = wrapper.framework; name = OpenGL.framework; path = System/Library/Frameworks/OpenGL.framework; sourceTree = SDKROOT; };
		A4650220165A9D4341F7FCD7 = {isa = PBXFileReference; explicitFileType = wrapper.cfbundle; includeInIndex = 0; path = "Key Mapper.component"; sourceTree = "BUILT_PRODUCTS_DIR"; };
		22DCAE893F495F460CD93188 = {isa = PBXFileReference; explicitFileType = archive.ar; includeInIndex = 0; path = "libKey Mapper.a"; sourceTree = "BUILT_PRODUCTS_DIR"; };
		A906F608C040373B40711025 = {isa = PBXFileReference; lastKnownFileType = wrapper.framework; name = CoreMedia.framework; path = System/Library/Frameworks/CoreMedia.framework; sourceTree = SDKROOT; };
		A9CF41998A1E480DFF13F250 = {isa = PBXFileReference; lastKnownFileType = sourcecode.cpp.cpp; name = ChordProgressionAndScaleMidiMap.cpp; path = ../../Source/ChordProgressionAndScaleMidiMap.cpp; sourceTree = "SOURCE_ROOT"; };
		AF6BD62A9BF38F315092A5ED = {isa = PBXFileReference; lastKnownFileType = sourcecode.c.h; name = ScaleMidiMap.h; path = ../../Source/ScaleMidiMap.h; sourceTree = "SOURCE_ROOT"; };
		B5970235D77A8D3AAD75CF43 = {isa = PBXFileReference; lastKnownFileType = sourcecode.cpp.objcpp; name = "include_juce_events.mm"; path = "../../JuceLibraryCode/include_juce_events.mm"; sourceTree = "SOURCE_ROOT"; };
		B743AC9D7CFF474F85C0599F = {isa = PBXFileReference; lastKnownFileType = file; name = "juce_audio_formats"; path = "~/JUCE/modules/juce_audio_formats"; sourceTree = "<absolute>"; };
		B8100395CFDDD13C2B617293 = {isa = PBXFileReference; lastKnownFileType = sourcecode.c.h; name = ChordProgressionMidiMap.h; path = ../../Source/ChordProgressionMidiMap.h; sourceTree = "SOURCE_ROOT"; };
		C0228E29B759ABFAD3F6C6B4 = {isa = PBXFileReference; lastKnownFileType = sourcecode.cpp.objcpp; name = "include_juce_audio_basics.mm"; path = "../../JuceLibraryCode/include_juce_audio_basics.mm"; sourceTree = "SOURCE_ROOT"; };
		C09394EF9981A0358A4FEE23 = {isa = PBXFileReference; lastKnownFileType = sourcecode.cpp.objcpp; name = "include_juce_cryptography.mm"; path = "../../JuceLibraryCode/include_juce_cryptography.mm"; sourceTree = "SOURCE_ROOT"; };
		C18A9D0BA880EFD111781EAE = {isa = PBXFileReference; lastKnownFileType = sourcecode.cpp.cpp; name = PluginEditor.cpp; path = ../../Source/PluginEditor.cpp; sourceTree = "SOURCE_ROOT"; };
		C18FBC008EBAC6EA60041B60 = {isa = PBXFileReference; lastKnownFileType = sourcecode.cpp.objcpp; name = "include_juce_opengl.mm"; path = "../../JuceLibraryCode/include_juce_opengl.mm"; sourceTree = "SOURCE_ROOT"; };
		C9B2979206F2CC9E37246D48 = {isa = PBXFileReference; lastKnownFileType = wrapper.framework; name = CoreMIDI.framework; path = System/Library/Frameworks/CoreMIDI.framework; sourceTree = SDKROOT; };
		DAB2D4857701882542C5222C = {isa = PBXFileReference; lastKnownFileType = sourcecode.cpp.objcpp; name = "include_juce_graphics.mm"; path = "../../JuceLibraryCode/include_juce_graphics.mm"; sourceTree = "SOURCE_ROOT"; };
		E06132273BE4B945A1CFB220 = {isa = PBXFileReference; lastKnownFileType = sourcecode.c.h; name = PluginProcessor.h; path = ../../Source/PluginProcessor.h; sourceTree = "SOURCE_ROOT"; };
		E13DD3B367D1AA63875DEB0D = {isa = PBXFileReference; lastKnownFileType = file; name = "juce_gui_basics"; path = "~/JUCE/modules/juce_gui_basics"; sourceTree = "<absolute>"; };
		E450476553DD4C4D04B6D8BE = {isa = PBXFileReference; lastKnownFileType = sourcecode.c.h; name = SimpleVoiceLeader.h; path = ../../Source/SimpleVoiceLeader.h; sourceTree = "SOURCE_ROOT"; };
		E84721E634AA4179B158BFE1 = {isa = PBXFileReference; lastKnownFileType = sourcecode.cpp.cpp; name = ScaleMidiMap.cpp; path = ../../Source/ScaleMidiMap.cpp; sourceTree = "SOURCE_ROOT"; };
		EBCCE8D43C2FC5B4390DF406 = {isa = PBXFileReference; lastKnownFileType = sourcecode.c.h; name = ChordDegreeProgressionValueTreeLabelAttachment.h; path = ../../Source/ChordDegreeProgressionValueTreeLabelAttachment.h; sourceTree = "SOURCE_ROOT"; };
		EE61D8B1DBE2098D7F0F1346 = {isa = PBXFileReference; lastKnownFileType = sourcecode.cpp.objcpp; name = "include_juce_audio_plugin_client_AU_1.mm"; path = "../../JuceLibraryCode/include_juce_audio_plugin_client_AU_1.mm"; sourceTree = "SOURCE_ROOT"; };
		F09F2DBA523D2D04E4DEB6DC = {isa = PBXFileReference; lastKnownFileType = file; name = "juce_events"; path = "~/JUCE/modules/juce_events"; sourceTree = "<absolute>"; };
		F518EEC359CE57CD60F5851A = {isa = PBXFileReference; lastKnownFileType = sourcecode.cpp.cpp; name = BlackAndWhiteMidiMap.cpp; path = ../../Source/BlackAndWhiteMidiMap.cpp; sourceTree = "SOURCE_ROOT"; };
		F57671FE657BE9A1FE150889 = {isa = PBXFileReference; lastKnownFileType = sourcecode.c.h; name = BlackAndWhiteMidiMap.h; path = ../../Source/BlackAndWhiteMidiMap.h; sourceTree = "SOURCE_ROOT"; };
		F62A0B48E4B0DB79715268B4 = {isa = PBXFileReference; lastKnownFileType = sourcecode.cpp.objcpp; name = "include_juce_audio_processors.mm"; path = "../../JuceLibraryCode/include_juce_audio_processors.mm"; sourceTree = "SOURCE_ROOT"; };
		F90917683233EDEA01FE6FD0 = {isa = PBXFileReference; lastKnownFileType = sourcecode.cpp.cpp; name = MidiMap.cpp; path = ../../Source/MidiMap.cpp; sourceTree = "SOURCE_ROOT"; };
		FF941844C39C6FA8292B0F31 = {isa = PBXFileReference; lastKnownFileType = sourcecode.c.h; name = DiatonicChordProgressionAndScaleMidiMap.h; path = ../../Source/DiatonicChordProgressionAndScaleMidiMap.h; sourceTree = "SOURCE_ROOT"; };
		FF96C940FBE84A52711D6F9E = {isa = PBXFileReference; lastKnownFileType = sourcecode.cpp.objcpp; name = "include_Peels.mm"; path = "../../JuceLibraryCode/include_Peels.mm"; sourceTree = "SOURCE_ROOT"; };
		7265372F1B48C5E4C0A11FAC = {isa = PBXGroup; children = (
					EBCCE8D43C2FC5B4390DF406,
					431DB3E1B21CF263B425B701,
					A9CF41998A1E480DFF13F250,
					4713BC157490173196ACCDF0,
					70E7D8204D78832DE3D51C60,
					B8100395CFDDD13C2B617293,
					3A3E12E47578996079304459,
					6B1043E842995A2D73E5BBA0,
					2C3F7D8986873EB5BE63885C,
					FF941844C39C6FA8292B0F31,
					39F63429A66312D4E28F0AD6,
					E450476553DD4C4D04B6D8BE,
					1D8F3B0F8006697E17A77C2B,
					E84721E634AA4179B158BFE1,
					AF6BD62A9BF38F315092A5ED,
					F518EEC359CE57CD60F5851A,
					F57671FE657BE9A1FE150889,
					F90917683233EDEA01FE6FD0,
					A133D0015F31EFCAF344792E,
					36656DEFDC65D70143041550,
					2BDC263980A89A1BC99FE844,
					67B30AB8806AA6E12C4ACE21,
					5A92DFBDB619F368AAE8C4D6,
					1ADB7E944FDB0196AF2F7628,
					2CF17661750A14DE9E75654A,
					2D8DBC608481835FDC459528,
					E06132273BE4B945A1CFB220,
					C18A9D0BA880EFD111781EAE,
					8971924C253BB828B2AE498A, ); name = Source; sourceTree = "<group>"; };
		D358D2AC631971EAD664BF53 = {isa = PBXGroup; children = (
					7265372F1B48C5E4C0A11FAC, ); name = "Key Mapper"; sourceTree = "<group>"; };
		80ED9364D9E048EF8E0F82D8 = {isa = PBXGroup; children = (
					51374A9D1AE8D9BC1EF3252E,
					5CCB935B846DD9DBDC56F288,
					865925B27C9CEEA8179D7190,
					B743AC9D7CFF474F85C0599F,
					554B8404FF64216CB797CC04,
					5CB6713AF1F2A400986F7979,
					5D988A61E91BB53EECBE61B9,
					3803D7872042F08035817B92,
					369DA4B73B64C608637D0D9F,
					F09F2DBA523D2D04E4DEB6DC,
					77AAA6C416E365972354F98F,
					E13DD3B367D1AA63875DEB0D,
					842A38A45BFF784E7B753128,
					2A72A4A646E8815AA5223FF4,
					81A3573F36B60E9D17DECA5B,
					35D19FD017ED2922BA89BB6B, ); name = "Juce Modules"; sourceTree = "<group>"; };
		43DC3F94F6FBCB4FF19D89A0 = {isa = PBXGroup; children = (
					8D47BEEEAF7850385034F2B5,
					6434F496D89FECA4194B3E40,
					C0228E29B759ABFAD3F6C6B4,
					1B94B7B5CF6A7B5A9CEEA86E,
					A2E7DEF56EB082ECEC0B1953,
					732569E757F8C96AD3E21CC6,
					EE61D8B1DBE2098D7F0F1346,
					3E0B457F12A2EACD19698D87,
					8567A1DE9B9F163384D4C63A,
					3A33207B362AC22A629339E0,
					0E4C18E7866D72E76F0E70A4,
					F62A0B48E4B0DB79715268B4,
					120AB2A27F68E719C041F63D,
					C09394EF9981A0358A4FEE23,
					169E9AFA5787111796616FF1,
					B5970235D77A8D3AAD75CF43,
					DAB2D4857701882542C5222C,
					40D4D368B8DA9B87C0F0D86E,
					114BDC33C12164460215DB9F,
					C18FBC008EBAC6EA60041B60,
					95725DEA82C9CA560B3EB3AE,
					FF96C940FBE84A52711D6F9E,
					9CB800D79FC8BCBE95E0258A, ); name = "Juce Library Code"; sourceTree = "<group>"; };
		3590FB1C582D80BA1814A921 = {isa = PBXGroup; children = (
					5B365D2089582599E5733622,
					75A057A40EAC0C1BFCA02F15,
					4699A21CFC7ED52904730DA8, ); name = Resources; sourceTree = "<group>"; };
		44664C5A45DEEA4C4680C237 = {isa = PBXGroup; children = (
					708035DBF9D366DC224ED7A8,
					1267664BB9B44592933DEF16,
					655254F776EF44A679F4AC9A,
					0B2F71CAEE1FB1398B03A013,
					5D2109EFF986FDB5FE417106,
					0BD373DE3919237F4F6F1FDD,
					9FFD83F65155787C5F6B5281,
					0E41FE209812F75E9B80EB65,
					98138518363806AFCC7E5B5F,
					A906F608C040373B40711025,
					C9B2979206F2CC9E37246D48,
					37AFD5346D97BDB15606980A,
					A31D92AD83B0B87F4BEC6ADC,
					638F15063D80C84ECEF9CC01,
					6E1C452159932AEEE9668C20, ); name = Frameworks; sourceTree = "<group>"; };
		E577CDAF9B9626FC697A7DFE = {isa = PBXGroup; children = (
					521DA06BDC234778F7E13912,
					A4650220165A9D4341F7FCD7,
					22DCAE893F495F460CD93188, ); name = Products; sourceTree = "<group>"; };
		CA9DD70598C8237068C5C20A = {isa = PBXGroup; children = (
					6B55105111CB019202B6F57E,
					D358D2AC631971EAD664BF53,
					80ED9364D9E048EF8E0F82D8,
					43DC3F94F6FBCB4FF19D89A0,
					3590FB1C582D80BA1814A921,
					44664C5A45DEEA4C4680C237,
					E577CDAF9B9626FC697A7DFE, ); name = Source; sourceTree = "<group>"; };
		2C9980E090C14D2FD29AB489 = {isa = XCBuildConfiguration; buildSettings = {
				MACOSX_DEPLOYMENT_TARGET = 10.11; }; name = Debug; };
		F84ACCD403BC1074A11EE3D6 = {isa = XCBuildConfiguration; buildSettings = {
				MACOSX_DEPLOYMENT_TARGET = 10.11; }; name = Release; };
		B0D98B2B2134A5A9D8521956 = {isa = XCBuildConfiguration; buildSettings = {
				CLANG_CXX_LANGUAGE_STANDARD = "c++11";
				CLANG_LINK_OBJC_RUNTIME = NO;
				COMBINE_HIDPI_IMAGES = YES;
				CONFIGURATION_BUILD_DIR = "$(PROJECT_DIR)/build/$(CONFIGURATION)";
				COPY_PHASE_STRIP = NO;
				DEPLOYMENT_LOCATION = YES;
				DSTROOT = /;
				GCC_DYNAMIC_NO_PIC = NO;
				GCC_OPTIMIZATION_LEVEL = 0;
				GCC_PREPROCESSOR_DEFINITIONS = (
					"_DEBUG=1",
					"DEBUG=1",
					"JUCER_XCODE_MAC_F6D2F4CF=1",
					"JUCE_APP_VERSION=0.0.2",
					"JUCE_APP_VERSION_HEX=0x2",
					"JucePlugin_Build_VST=1",
					"JucePlugin_Build_VST3=0",
					"JucePlugin_Build_AU=0",
					"JucePlugin_Build_AUv3=0",
					"JucePlugin_Build_RTAS=0",
					"JucePlugin_Build_AAX=0",
					"JucePlugin_Build_Standalone=0", );
				GCC_VERSION = com.apple.compilers.llvm.clang.1_0;
				GENERATE_PKGINFO_FILE = YES;
				HEADER_SEARCH_PATHS = ("../../JuceLibraryCode", "../../modules", "~/JUCE/modules", "~/JUCE/modules/juce_audio_plugin_client", "$(inherited)");
				INFOPLIST_FILE = Info-VST.plist;
				INFOPLIST_PREPROCESS = NO;
				INSTALL_PATH = "$(HOME)/Library/Audio/Plug-Ins/VST/";
				LIBRARY_STYLE = Bundle;
				MACOSX_DEPLOYMENT_TARGET = 10.11;
				MACOSX_DEPLOYMENT_TARGET_ppc = 10.4;
				OTHER_LDFLAGS = "-bundle -lKey\\ Mapper";
				PRODUCT_BUNDLE_IDENTIFIER = ca.songwish.key-mapper;
				SDKROOT_ppc = macosx10.5;
				USE_HEADERMAP = NO;
				WRAPPER_EXTENSION = vst; }; name = Debug; };
		9F01168EB6EBEAFC0F7DF072 = {isa = XCBuildConfiguration; buildSettings = {
				CLANG_CXX_LANGUAGE_STANDARD = "c++11";
				CLANG_LINK_OBJC_RUNTIME = NO;
				COMBINE_HIDPI_IMAGES = YES;
				CONFIGURATION_BUILD_DIR = "$(PROJECT_DIR)/build/$(CONFIGURATION)";
				DEAD_CODE_STRIPPING = YES;
				DEPLOYMENT_LOCATION = YES;
				DSTROOT = /;
				GCC_GENERATE_DEBUGGING_SYMBOLS = NO;
				GCC_OPTIMIZATION_LEVEL = 3;
				GCC_PREPROCESSOR_DEFINITIONS = (
					"_NDEBUG=1",
					"NDEBUG=1",
					"JUCER_XCODE_MAC_F6D2F4CF=1",
					"JUCE_APP_VERSION=0.0.2",
					"JUCE_APP_VERSION_HEX=0x2",
					"JucePlugin_Build_VST=1",
					"JucePlugin_Build_VST3=0",
					"JucePlugin_Build_AU=0",
					"JucePlugin_Build_AUv3=0",
					"JucePlugin_Build_RTAS=0",
					"JucePlugin_Build_AAX=0",
					"JucePlugin_Build_Standalone=0", );
				GCC_SYMBOLS_PRIVATE_EXTERN = YES;
				GCC_VERSION = com.apple.compilers.llvm.clang.1_0;
				GENERATE_PKGINFO_FILE = YES;
				HEADER_SEARCH_PATHS = ("../../JuceLibraryCode", "../../modules", "~/JUCE/modules", "~/JUCE/modules/juce_audio_plugin_client", "$(inherited)");
				INFOPLIST_FILE = Info-VST.plist;
				INFOPLIST_PREPROCESS = NO;
				INSTALL_PATH = "$(HOME)/Library/Audio/Plug-Ins/VST/";
				LIBRARY_STYLE = Bundle;
				MACOSX_DEPLOYMENT_TARGET = 10.11;
				MACOSX_DEPLOYMENT_TARGET_ppc = 10.4;
				OTHER_LDFLAGS = "-bundle -lKey\\ Mapper";
				PRODUCT_BUNDLE_IDENTIFIER = ca.songwish.key-mapper;
				SDKROOT_ppc = macosx10.5;
				USE_HEADERMAP = NO;
				WRAPPER_EXTENSION = vst; }; name = Release; };
		3FC8DB68CF5E1F0C31CC29DD = {isa = XCBuildConfiguration; buildSettings = {
				CLANG_CXX_LANGUAGE_STANDARD = "c++11";
				CLANG_LINK_OBJC_RUNTIME = NO;
				COMBINE_HIDPI_IMAGES = YES;
				CONFIGURATION_BUILD_DIR = "$(PROJECT_DIR)/build/$(CONFIGURATION)";
				COPY_PHASE_STRIP = NO;
				DEPLOYMENT_LOCATION = YES;
				DSTROOT = /;
				GCC_DYNAMIC_NO_PIC = NO;
				GCC_OPTIMIZATION_LEVEL = 0;
				GCC_PREPROCESSOR_DEFINITIONS = (
					"_DEBUG=1",
					"DEBUG=1",
					"JUCER_XCODE_MAC_F6D2F4CF=1",
					"JUCE_APP_VERSION=0.0.2",
					"JUCE_APP_VERSION_HEX=0x2",
					"JucePlugin_Build_VST=0",
					"JucePlugin_Build_VST3=0",
					"JucePlugin_Build_AU=1",
					"JucePlugin_Build_AUv3=0",
					"JucePlugin_Build_RTAS=0",
					"JucePlugin_Build_AAX=0",
					"JucePlugin_Build_Standalone=0", );
				GCC_VERSION = com.apple.compilers.llvm.clang.1_0;
				GENERATE_PKGINFO_FILE = YES;
				HEADER_SEARCH_PATHS = ("../../JuceLibraryCode", "../../modules", "~/JUCE/modules", "~/JUCE/modules/juce_audio_plugin_client", "$(inherited)");
				INFOPLIST_FILE = Info-AU.plist;
				INFOPLIST_PREPROCESS = NO;
				INSTALL_PATH = "$(HOME)/Library/Audio/Plug-Ins/Components/";
				LIBRARY_STYLE = Bundle;
				MACOSX_DEPLOYMENT_TARGET = 10.11;
				MACOSX_DEPLOYMENT_TARGET_ppc = 10.4;
				OTHER_LDFLAGS = "-bundle -lKey\\ Mapper";
				OTHER_REZFLAGS = "-d ppc_$ppc -d i386_$i386 -d ppc64_$ppc64 -d x86_64_$x86_64 -I /System/Library/Frameworks/CoreServices.framework/Frameworks/CarbonCore.framework/Versions/A/Headers -I \"$(DEVELOPER_DIR)/Extras/CoreAudio/AudioUnits/AUPublic/AUBase\"";
				PRODUCT_BUNDLE_IDENTIFIER = ca.songwish.key-mapper;
				SDKROOT_ppc = macosx10.5;
				USE_HEADERMAP = NO;
				WRAPPER_EXTENSION = component; }; name = Debug; };
		B8CE213C4E0E64C071F48B38 = {isa = XCBuildConfiguration; buildSettings = {
				CLANG_CXX_LANGUAGE_STANDARD = "c++11";
				CLANG_LINK_OBJC_RUNTIME = NO;
				COMBINE_HIDPI_IMAGES = YES;
				CONFIGURATION_BUILD_DIR = "$(PROJECT_DIR)/build/$(CONFIGURATION)";
				DEAD_CODE_STRIPPING = YES;
				DEPLOYMENT_LOCATION = YES;
				DSTROOT = /;
				GCC_GENERATE_DEBUGGING_SYMBOLS = NO;
				GCC_OPTIMIZATION_LEVEL = 3;
				GCC_PREPROCESSOR_DEFINITIONS = (
					"_NDEBUG=1",
					"NDEBUG=1",
					"JUCER_XCODE_MAC_F6D2F4CF=1",
					"JUCE_APP_VERSION=0.0.2",
					"JUCE_APP_VERSION_HEX=0x2",
					"JucePlugin_Build_VST=0",
					"JucePlugin_Build_VST3=0",
					"JucePlugin_Build_AU=1",
					"JucePlugin_Build_AUv3=0",
					"JucePlugin_Build_RTAS=0",
					"JucePlugin_Build_AAX=0",
					"JucePlugin_Build_Standalone=0", );
				GCC_SYMBOLS_PRIVATE_EXTERN = YES;
				GCC_VERSION = com.apple.compilers.llvm.clang.1_0;
				GENERATE_PKGINFO_FILE = YES;
				HEADER_SEARCH_PATHS = ("../../JuceLibraryCode", "../../modules", "~/JUCE/modules", "~/JUCE/modules/juce_audio_plugin_client", "$(inherited)");
				INFOPLIST_FILE = Info-AU.plist;
				INFOPLIST_PREPROCESS = NO;
				INSTALL_PATH = "$(HOME)/Library/Audio/Plug-Ins/Components/";
				LIBRARY_STYLE = Bundle;
				MACOSX_DEPLOYMENT_TARGET = 10.11;
				MACOSX_DEPLOYMENT_TARGET_ppc = 10.4;
				OTHER_LDFLAGS = "-bundle -lKey\\ Mapper";
				OTHER_REZFLAGS = "-d ppc_$ppc -d i386_$i386 -d ppc64_$ppc64 -d x86_64_$x86_64 -I /System/Library/Frameworks/CoreServices.framework/Frameworks/CarbonCore.framework/Versions/A/Headers -I \"$(DEVELOPER_DIR)/Extras/CoreAudio/AudioUnits/AUPublic/AUBase\"";
				PRODUCT_BUNDLE_IDENTIFIER = ca.songwish.key-mapper;
				SDKROOT_ppc = macosx10.5;
				USE_HEADERMAP = NO;
				WRAPPER_EXTENSION = component; }; name = Release; };
		E41AA8F9113ECA6D851C408B = {isa = XCBuildConfiguration; buildSettings = {
				CLANG_CXX_LANGUAGE_STANDARD = "c++11";
				CLANG_LINK_OBJC_RUNTIME = NO;
				COMBINE_HIDPI_IMAGES = YES;
				CONFIGURATION_BUILD_DIR = "$(PROJECT_DIR)/build/$(CONFIGURATION)";
				COPY_PHASE_STRIP = NO;
				GCC_DYNAMIC_NO_PIC = NO;
				GCC_OPTIMIZATION_LEVEL = 0;
				GCC_PREPROCESSOR_DEFINITIONS = (
					"_DEBUG=1",
					"DEBUG=1",
					"JUCER_XCODE_MAC_F6D2F4CF=1",
					"JUCE_APP_VERSION=0.0.2",
					"JUCE_APP_VERSION_HEX=0x2",
					"JucePlugin_Build_VST=1",
					"JucePlugin_Build_VST3=0",
					"JucePlugin_Build_AU=1",
					"JucePlugin_Build_AUv3=0",
					"JucePlugin_Build_RTAS=0",
					"JucePlugin_Build_AAX=0",
					"JucePlugin_Build_Standalone=0",
					"JUCE_SHARED_CODE=1", );
				GCC_VERSION = com.apple.compilers.llvm.clang.1_0;
				HEADER_SEARCH_PATHS = ("../../JuceLibraryCode", "../../modules", "~/JUCE/modules", "~/JUCE/modules/juce_audio_plugin_client", "$(inherited)");
				INSTALL_PATH = "@executable_path/../Frameworks";
				MACOSX_DEPLOYMENT_TARGET = 10.11;
				MACOSX_DEPLOYMENT_TARGET_ppc = 10.4;
				PRODUCT_BUNDLE_IDENTIFIER = ca.songwish.key-mapper;
				SDKROOT_ppc = macosx10.5;
				USE_HEADERMAP = NO; }; name = Debug; };
		E551013B70AC514AC1CE1E55 = {isa = XCBuildConfiguration; buildSettings = {
				CLANG_CXX_LANGUAGE_STANDARD = "c++11";
				CLANG_LINK_OBJC_RUNTIME = NO;
				COMBINE_HIDPI_IMAGES = YES;
				CONFIGURATION_BUILD_DIR = "$(PROJECT_DIR)/build/$(CONFIGURATION)";
				DEAD_CODE_STRIPPING = YES;
				GCC_GENERATE_DEBUGGING_SYMBOLS = NO;
				GCC_OPTIMIZATION_LEVEL = 3;
				GCC_PREPROCESSOR_DEFINITIONS = (
					"_NDEBUG=1",
					"NDEBUG=1",
					"JUCER_XCODE_MAC_F6D2F4CF=1",
					"JUCE_APP_VERSION=0.0.2",
					"JUCE_APP_VERSION_HEX=0x2",
					"JucePlugin_Build_VST=1",
					"JucePlugin_Build_VST3=0",
					"JucePlugin_Build_AU=1",
					"JucePlugin_Build_AUv3=0",
					"JucePlugin_Build_RTAS=0",
					"JucePlugin_Build_AAX=0",
					"JucePlugin_Build_Standalone=0",
					"JUCE_SHARED_CODE=1", );
				GCC_SYMBOLS_PRIVATE_EXTERN = YES;
				GCC_VERSION = com.apple.compilers.llvm.clang.1_0;
				HEADER_SEARCH_PATHS = ("../../JuceLibraryCode", "../../modules", "~/JUCE/modules", "~/JUCE/modules/juce_audio_plugin_client", "$(inherited)");
				INSTALL_PATH = "@executable_path/../Frameworks";
				MACOSX_DEPLOYMENT_TARGET = 10.11;
				MACOSX_DEPLOYMENT_TARGET_ppc = 10.4;
				PRODUCT_BUNDLE_IDENTIFIER = ca.songwish.key-mapper;
				SDKROOT_ppc = macosx10.5;
				USE_HEADERMAP = NO; }; name = Release; };
		8BA602A2238CE504084F1624 = {isa = XCBuildConfiguration; buildSettings = {
				ALWAYS_SEARCH_USER_PATHS = NO;
				CLANG_WARN_BLOCK_CAPTURE_AUTORELEASING = YES;
				CLANG_WARN_BOOL_CONVERSION = YES;
				CLANG_WARN_COMMA = YES;
				CLANG_WARN_CONSTANT_CONVERSION = YES;
				CLANG_WARN_EMPTY_BODY = YES;
				CLANG_WARN_ENUM_CONVERSION = YES;
				CLANG_WARN_INFINITE_RECURSION = YES;
				CLANG_WARN_INT_CONVERSION = YES;
				CLANG_WARN_NON_LITERAL_NULL_CONVERSION = YES;
				CLANG_WARN_OBJC_LITERAL_CONVERSION = YES;
				CLANG_WARN_RANGE_LOOP_ANALYSIS = YES;
				CLANG_WARN_STRICT_PROTOTYPES = YES;
				CLANG_WARN_SUSPICIOUS_MOVE = YES;
				CLANG_WARN_UNREACHABLE_CODE = YES;
				CLANG_WARN__DUPLICATE_METHOD_MATCH = YES;
				DEBUG_INFORMATION_FORMAT = "dwarf";
				ENABLE_STRICT_OBJC_MSGSEND = YES;
				ENABLE_TESTABILITY = YES;
				GCC_C_LANGUAGE_STANDARD = c11;
				GCC_INLINES_ARE_PRIVATE_EXTERN = YES;
				GCC_MODEL_TUNING = G5;
				GCC_NO_COMMON_BLOCKS = YES;
				GCC_WARN_64_TO_32_BIT_CONVERSION = YES;
				GCC_WARN_ABOUT_RETURN_TYPE = YES;
				GCC_WARN_CHECK_SWITCH_STATEMENTS = YES;
				GCC_WARN_MISSING_PARENTHESES = YES;
				GCC_WARN_NON_VIRTUAL_DESTRUCTOR = YES;
				GCC_WARN_TYPECHECK_CALLS_TO_PRINTF = YES;
				GCC_WARN_UNDECLARED_SELECTOR = YES;
				GCC_WARN_UNINITIALIZED_AUTOS = YES;
				GCC_WARN_UNUSED_FUNCTION = YES;
				GCC_WARN_UNUSED_VARIABLE = YES;
				ONLY_ACTIVE_ARCH = YES;
				PRODUCT_NAME = "Key Mapper";
				WARNING_CFLAGS = -Wreorder;
				ZERO_LINK = NO; }; name = Debug; };
		433819800678A8F1A20E5BAA = {isa = XCBuildConfiguration; buildSettings = {
				ALWAYS_SEARCH_USER_PATHS = NO;
				CLANG_WARN_BLOCK_CAPTURE_AUTORELEASING = YES;
				CLANG_WARN_BOOL_CONVERSION = YES;
				CLANG_WARN_COMMA = YES;
				CLANG_WARN_CONSTANT_CONVERSION = YES;
				CLANG_WARN_EMPTY_BODY = YES;
				CLANG_WARN_ENUM_CONVERSION = YES;
				CLANG_WARN_INFINITE_RECURSION = YES;
				CLANG_WARN_INT_CONVERSION = YES;
				CLANG_WARN_NON_LITERAL_NULL_CONVERSION = YES;
				CLANG_WARN_OBJC_LITERAL_CONVERSION = YES;
				CLANG_WARN_RANGE_LOOP_ANALYSIS = YES;
				CLANG_WARN_STRICT_PROTOTYPES = YES;
				CLANG_WARN_SUSPICIOUS_MOVE = YES;
				CLANG_WARN_UNREACHABLE_CODE = YES;
				CLANG_WARN__DUPLICATE_METHOD_MATCH = YES;
				DEBUG_INFORMATION_FORMAT = "dwarf";
				ENABLE_STRICT_OBJC_MSGSEND = YES;
				GCC_C_LANGUAGE_STANDARD = c11;
				GCC_INLINES_ARE_PRIVATE_EXTERN = YES;
				GCC_MODEL_TUNING = G5;
				GCC_NO_COMMON_BLOCKS = YES;
				GCC_WARN_64_TO_32_BIT_CONVERSION = YES;
				GCC_WARN_ABOUT_RETURN_TYPE = YES;
				GCC_WARN_CHECK_SWITCH_STATEMENTS = YES;
				GCC_WARN_MISSING_PARENTHESES = YES;
				GCC_WARN_NON_VIRTUAL_DESTRUCTOR = YES;
				GCC_WARN_TYPECHECK_CALLS_TO_PRINTF = YES;
				GCC_WARN_UNDECLARED_SELECTOR = YES;
				GCC_WARN_UNINITIALIZED_AUTOS = YES;
				GCC_WARN_UNUSED_FUNCTION = YES;
				GCC_WARN_UNUSED_VARIABLE = YES;
				PRODUCT_NAME = "Key Mapper";
				WARNING_CFLAGS = -Wreorder;
				ZERO_LINK = NO; }; name = Release; };
		299D518DF3F23CD569D34882 = {isa = PBXTargetDependency; target = FFC25F5214FE980CDCA57D9E; };
		D78E4E85FD4EAB2EA89DDB0D = {isa = PBXTargetDependency; target = 2AC3C5709D78BB7CC5CE51EE; };
		F22E75B490A19179C1C2A43E = {isa = PBXTargetDependency; target = 9EE0CE50A32D39C874609389; };
		26AD374D5C73892E0A2DD509 = {isa = XCConfigurationList; buildConfigurations = (
					8BA602A2238CE504084F1624,
					433819800678A8F1A20E5BAA, ); defaultConfigurationIsVisible = 0; defaultConfigurationName = Debug; };
		EEA101F79EC826C20077522D = {isa = XCConfigurationList; buildConfigurations = (
					2C9980E090C14D2FD29AB489,
					F84ACCD403BC1074A11EE3D6, ); defaultConfigurationIsVisible = 0; defaultConfigurationName = Debug; };
		12F883B3208453F5296F0BE2 = {isa = PBXAggregateTarget; buildConfigurationList = EEA101F79EC826C20077522D; buildPhases = (  ); buildRules = ( ); dependencies = (
					299D518DF3F23CD569D34882,
					D78E4E85FD4EAB2EA89DDB0D,
					F22E75B490A19179C1C2A43E, ); name = "Key Mapper - All"; productName = "Key Mapper"; };
		135CDC2C861343AD111E26FB = {isa = XCConfigurationList; buildConfigurations = (
					B0D98B2B2134A5A9D8521956,
					9F01168EB6EBEAFC0F7DF072, ); defaultConfigurationIsVisible = 0; defaultConfigurationName = Debug; };
		97E250673D634D09EB28B6C7 = {isa = PBXResourcesBuildPhase; buildActionMask = 2147483647; files = (
					BD12578EEA3044CF1CF73B89, ); runOnlyForDeploymentPostprocessing = 0; };
		521D03F5BCE810BA78D822D6 = {isa = PBXSourcesBuildPhase; buildActionMask = 2147483647; files = (
					C9DA5C9FF052D3094DAEE8EB, ); runOnlyForDeploymentPostprocessing = 0; };
		C35ABD085D1054F7A7B56332 = {isa = PBXFrameworksBuildPhase; buildActionMask = 2147483647; files = (
					72F9C13E9EA57C83DFF0CEB6,
					DCA928F420BEBFE372295D06,
					09AC5CF842035F7198D1E9F3,
					52286B52AD79B6539909E1FA,
					03EFFBB751235E3D01D551AB,
					4C075C0F0FED43D1191619B0,
					331328F15FF67D6DC412E0F2,
					CDEF32EEB40E06F3587D8429,
					9A3BF633E9739A39964BB581,
					1DE9AA779C926E70C1A2D8DA,
					35DFDD41EA1E9D13C82C528B,
					92A3838240A14EA84EF0E68A,
					01EA98ED4520168B9EC1DC4C, ); runOnlyForDeploymentPostprocessing = 0; };
		FFC25F5214FE980CDCA57D9E = {isa = PBXNativeTarget; buildConfigurationList = 135CDC2C861343AD111E26FB; buildPhases = (
					97E250673D634D09EB28B6C7,
					521D03F5BCE810BA78D822D6,
					C35ABD085D1054F7A7B56332, ); buildRules = ( ); dependencies = (
					F22E75B490A19179C1C2A43E, ); name = "Key Mapper - VST"; productName = "Key Mapper"; productReference = 521DA06BDC234778F7E13912; productType = "com.apple.product-type.bundle"; };
		46E2A077B706F526973DF2E0 = {isa = XCConfigurationList; buildConfigurations = (
					3FC8DB68CF5E1F0C31CC29DD,
					B8CE213C4E0E64C071F48B38, ); defaultConfigurationIsVisible = 0; defaultConfigurationName = Debug; };
		9CD37AACBD9373F4FC89069E = {isa = PBXResourcesBuildPhase; buildActionMask = 2147483647; files = (
					BD12578EEA3044CF1CF73B89, ); runOnlyForDeploymentPostprocessing = 0; };
		DFACEAF440D1037F55F2564B = {isa = PBXRezBuildPhase; buildActionMask = 2147483647; files = (
					9B3A4C567C6414AC5BB2BE40, ); runOnlyForDeploymentPostprocessing = 0; };
		0828EFA8FC73F2A7D8AC2D4F = {isa = PBXSourcesBuildPhase; buildActionMask = 2147483647; files = (
					8FE13AAACB4F050BC3137281,
					2E93208C1A4AE52D42BCB1D0, ); runOnlyForDeploymentPostprocessing = 0; };
		605CAE22C55027779EAA02C0 = {isa = PBXFrameworksBuildPhase; buildActionMask = 2147483647; files = (
					72F9C13E9EA57C83DFF0CEB6,
					DCA928F420BEBFE372295D06,
					9622446D0BB584A6903E8314,
					09AC5CF842035F7198D1E9F3,
					52286B52AD79B6539909E1FA,
					03EFFBB751235E3D01D551AB,
					4C075C0F0FED43D1191619B0,
					331328F15FF67D6DC412E0F2,
					3AEE09C2FC06F91FA4509C99,
					CDEF32EEB40E06F3587D8429,
					9A3BF633E9739A39964BB581,
					1DE9AA779C926E70C1A2D8DA,
					35DFDD41EA1E9D13C82C528B,
					92A3838240A14EA84EF0E68A,
					01EA98ED4520168B9EC1DC4C, ); runOnlyForDeploymentPostprocessing = 0; };
		2AC3C5709D78BB7CC5CE51EE = {isa = PBXNativeTarget; buildConfigurationList = 46E2A077B706F526973DF2E0; buildPhases = (
					9CD37AACBD9373F4FC89069E,
					DFACEAF440D1037F55F2564B,
					0828EFA8FC73F2A7D8AC2D4F,
					605CAE22C55027779EAA02C0, ); buildRules = ( ); dependencies = (
					F22E75B490A19179C1C2A43E, ); name = "Key Mapper - AU"; productName = "Key Mapper"; productReference = A4650220165A9D4341F7FCD7; productType = "com.apple.product-type.bundle"; };
		9F29766E631BDCD27BD0F841 = {isa = XCConfigurationList; buildConfigurations = (
					E41AA8F9113ECA6D851C408B,
					E551013B70AC514AC1CE1E55, ); defaultConfigurationIsVisible = 0; defaultConfigurationName = Debug; };
		A8E0B2B2D103EB6301EF5024 = {isa = PBXSourcesBuildPhase; buildActionMask = 2147483647; files = (
					956CE732CEAD9540C17486E4,
					941CD5F3583E276C099E6805,
					93D30EF11F9C5BB37C279A59,
					A8329AC56CA769C9245702A4,
					DDDB77AEE84A20A74CB7D299,
					97DA84E3E85221CEFB34C2F9,
					163E2B3CFD15921F0F0644B7,
					5DD707A0313809A600F5F79D,
					A56FACABC9FD1C83C6164758,
					EFFCCE1B818A7FCB6F71E945,
					543F24B0A60881563A4340CE,
					BDBDBF439FE0D6E59FA380A0,
					0084FEA24DE743E4E0CE7714,
					F66EC4A375DA80206A88EF27,
					34275C56A6148ABE36F0F0FF,
					77F6230C22C5F533C8D0E6EB,
					7EE85DB75C2007B61B949DF4,
					B8A6E4D01D97226CFE48CFA5,
					237568DFE7C6F1E1D4352BBA,
					6ED94B4A8C0923361C51B526,
					2A2CA5D56CFA46EB1929CDF7,
					AD563C20CD02AE638245F1A5,
					405776D80BEACF113E19D17F,
					90585A9CFB233B626AA9E0E1,
					FFBB47AC0FCEDA6FFAF290AA,
					043D6C619C467519BB717F69,
					382CFA23F0E0478529C62D5C,
					BF28D80B4ADCBA2744E43E2C,
					5E88A176FD50EF3277029295,
					0D580F5EB279FD05229F6756,
					FEDEB4BFCC6074202F53E4AF,
					DBE3BF31C2BA90BEA5C9A85A,
					A5CB775C0B83B9610210DC09,
					3DD6A8D44D3118DDD76989EA,
					D6D504E504727A289FA5FB5D, ); runOnlyForDeploymentPostprocessing = 0; };
		9EE0CE50A32D39C874609389 = {isa = PBXNativeTarget; buildConfigurationList = 9F29766E631BDCD27BD0F841; buildPhases = (
					A8E0B2B2D103EB6301EF5024, ); buildRules = ( ); dependencies = (  ); name = "Key Mapper - Shared Code"; productName = "Key Mapper"; productReference = 22DCAE893F495F460CD93188; productType = "com.apple.product-type.library.static"; };
		886A6A952A1AAEAD97E8AC33 = {isa = PBXProject; buildConfigurationList = 26AD374D5C73892E0A2DD509; attributes = { LastUpgradeCheck = 0830; TargetAttributes = { 12F883B3208453F5296F0BE2 = { SystemCapabilities = {com.apple.ApplicationGroups.iOS = { enabled = 0; }; com.apple.InAppPurchase = { enabled = 0; }; com.apple.InterAppAudio = { enabled = 0; }; com.apple.Push = { enabled = 0; }; com.apple.Sandbox = { enabled = 0; }; }; };FFC25F5214FE980CDCA57D9E = { SystemCapabilities = {com.apple.ApplicationGroups.iOS = { enabled = 0; }; com.apple.InAppPurchase = { enabled = 0; }; com.apple.InterAppAudio = { enabled = 0; }; com.apple.Push = { enabled = 0; }; com.apple.Sandbox = { enabled = 0; }; }; };2AC3C5709D78BB7CC5CE51EE = { SystemCapabilities = {com.apple.ApplicationGroups.iOS = { enabled = 0; }; com.apple.InAppPurchase = { enabled = 0; }; com.apple.InterAppAudio = { enabled = 0; }; com.apple.Push = { enabled = 0; }; com.apple.Sandbox = { enabled = 0; }; }; };9EE0CE50A32D39C874609389 = { SystemCapabilities = {com.apple.ApplicationGroups.iOS = { enabled = 0; }; com.apple.InAppPurchase = { enabled = 0; }; com.apple.InterAppAudio = { enabled = 0; }; com.apple.Push = { enabled = 0; }; com.apple.Sandbox = { enabled = 0; }; }; }; }; }; compatibilityVersion = "Xcode 3.2"; hasScannedForEncodings = 0; mainGroup = CA9DD70598C8237068C5C20A; projectDirPath = ""; projectRoot = ""; targets = (12F883B3208453F5296F0BE2, FFC25F5214FE980CDCA57D9E, 2AC3C5709D78BB7CC5CE51EE, 9EE0CE50A32D39C874609389); };
	};
	rootObject = 886A6A952A1AAEAD97E8AC33;
}
