Microsoft Visual Studio Solution File, Format Version 11.00
# Visual Studio 2015
Project("{42424522-56C0-6448-E1F2-E0A8DD09A739}") = "MiddlePlugin", "MiddlePlugin.vcxproj", "{C20D30F1-EC44-0209-5EC0-8FEE7EB415D3}"
EndProject
Global
	GlobalSection(SolutionConfigurationPlatforms) = preSolution
		Debug|Win32 = Debug|Win32
		Release|Win32 = Release|Win32
	EndGlobalSection
	GlobalSection(ProjectConfigurationPlatforms) = postSolution
		{C20D30F1-EC44-0209-5EC0-8FEE7EB415D3}.Debug|Win32.ActiveCfg = Debug|Win32
		{C20D30F1-EC44-0209-5EC0-8FEE7EB415D3}.Debug|Win32.Build.0 = Debug|Win32
		{C20D30F1-EC44-0209-5EC0-8FEE7EB415D3}.Release|Win32.ActiveCfg = Release|Win32
		{C20D30F1-EC44-0209-5EC0-8FEE7EB415D3}.Release|Win32.Build.0 = Release|Win32
	EndGlobalSection
	GlobalSection(SolutionProperties) = preSolution
		HideSolutionNode = FALSE
	EndGlobalSection
EndGlobal
